<?xml version="1.0" encoding="UTF-8"?>
<Scheme
   version = "1.3">
   <BuildAction>
      <BuildActionEntries>
         <BuildActionEntry
            buildForRunning = "YES">
            <BuildableReference
               BuildableIdentifier = "primary"
               BlueprintIdentifier = "12A76BD30A14F0E33ABF21AB"
               BuildableName = "Indication Bug.app"
               BlueprintName = "Indication Bug"
               ReferencedContainer = "container:Indication Bug.xcodeproj">
            </BuildableReference>
         </BuildActionEntry>
      </BuildActionEntries>
   </BuildAction>
   <LaunchAction
      useCustomWorkingDirectory = "NO"
      buildConfiguration = "Debug">
      <BuildableProductRunnable>
         <BuildableReference
            BuildableIdentifier = "primary"
            BlueprintIdentifier = "12A76BD30A14F0E33ABF21AB"
            BuildableName = "Indication Bug.app"
            BlueprintName = "Indication Bug"
            ReferencedContainer = "container:Indication Bug.xcodeproj">
         </BuildableReference>
      </BuildableProductRunnable>
   </LaunchAction>
</Scheme>
